schema: '2.0'
stages:
  complete-ingatlan:
    cmd: dz run-step ingatlan complete
    deps:
    - path: src/ingatlan.py
      md5: 08b8a2a280e95866dbc73f8e2ccd9fcc
      size: 5621
    params:
      zimmer.yaml:
        aswan_projects.ingatlan.current_leaf: 6acdb1fb03b8e9454c9c
    outs:
    - path: data/ingatlan/ingatlan/complete
      md5: d751713988987e9331980363e24189ce.dir
      size: 0
      nfiles: 0
