schema: '2.0'
stages:
  complete-ingatlan:
    cmd: dz run-step ingatlan complete
    deps:
    - path: src/ingatlan.py
      md5: 7c7990b356c36153f3fee084c1f82b6a
      size: 5046
    params:
      zimmer.yaml:
        aswan_projects.ingatlan.current_leaf: 5863cd54e4ecd211e07f
    outs:
    - path: data/ingatlan/ingatlan/complete
      md5: 7163200671a071f4eabab55f81999606.dir
      size: 73500732
      nfiles: 10
