schema: '2.0'
stages:
  complete-ingatlan:
    cmd: dz run-step ingatlan complete
    deps:
    - path: src/ingatlan.py
      md5: 5540432b3ebed13b10ab1ac02b88c492
      size: 5045
    params:
      zimmer.yaml:
        aswan_projects.ingatlan.current_leaf: 40aa5dff772620d8e78a
    outs:
    - path: data/ingatlan/ingatlan/complete
      md5: aa491621ccb92a0cc5714680d3e25a4b.dir
      size: 55003348
      nfiles: 10
